
Microsoft Visual Studio Solution File, Format Version 12.00
# Visual Studio Version 17
VisualStudioVersion = 17.7.34031.279
MinimumVisualStudioVersion = 10.0.40219.1
Project("{FAE04EC0-301F-11D3-BF4B-00C04F79EFBC}") = "HomeApp.UWP", "HomeApp\HomeApp.UWP\HomeApp.UWP.csproj", "{3ADFD6E5-10A3-4B99-9B8A-5FA008ED571E}"
EndProject
Project("{FAE04EC0-301F-11D3-BF4B-00C04F79EFBC}") = "HomeApp.Android", "HomeApp\HomeApp.Android\HomeApp.Android.csproj", "{14342F8F-72D4-4E52-9E45-E19AED64AD8D}"
EndProject
Project("{FAE04EC0-301F-11D3-BF4B-00C04F79EFBC}") = "HomeApp.iOS", "HomeApp\HomeApp.iOS\HomeApp.iOS.csproj", "{C155395F-9B7D-4EAC-9CE6-B9900570A0D3}"
EndProject
Project("{FAE04EC0-301F-11D3-BF4B-00C04F79EFBC}") = "HomeApp", "HomeApp\HomeApp\HomeApp.csproj", "{103FC1F4-3517-4EFF-8114-744436B35161}"
EndProject
Global
	GlobalSection(SolutionConfigurationPlatforms) = preSolution
		Debug|Any CPU = Debug|Any CPU
		Debug|ARM = Debug|ARM
		Debug|iPhone = Debug|iPhone
		Debug|iPhoneSimulator = Debug|iPhoneSimulator
		Debug|x64 = Debug|x64
		Debug|x86 = Debug|x86
		Release|Any CPU = Release|Any CPU
		Release|ARM = Release|ARM
		Release|iPhone = Release|iPhone
		Release|iPhoneSimulator = Release|iPhoneSimulator
		Release|x64 = Release|x64
		Release|x86 = Release|x86
	EndGlobalSection
	GlobalSection(ProjectConfigurationPlatforms) = postSolution
		{3ADFD6E5-10A3-4B99-9B8A-5FA008ED571E}.Debug|Any CPU.ActiveCfg = Debug|x64
		{3ADFD6E5-10A3-4B99-9B8A-5FA008ED571E}.Debug|Any CPU.Build.0 = Debug|x64
		{3ADFD6E5-10A3-4B99-9B8A-5FA008ED571E}.Debug|Any CPU.Deploy.0 = Debug|x64
		{3ADFD6E5-10A3-4B99-9B8A-5FA008ED571E}.Debug|ARM.ActiveCfg = Debug|ARM
		{3ADFD6E5-10A3-4B99-9B8A-5FA008ED571E}.Debug|ARM.Build.0 = Debug|ARM
		{3ADFD6E5-10A3-4B99-9B8A-5FA008ED571E}.Debug|ARM.Deploy.0 = Debug|ARM
		{3ADFD6E5-10A3-4B99-9B8A-5FA008ED571E}.Debug|iPhone.ActiveCfg = Debug|x64
		{3ADFD6E5-10A3-4B99-9B8A-5FA008ED571E}.Debug|iPhone.Build.0 = Debug|x64
		{3ADFD6E5-10A3-4B99-9B8A-5FA008ED571E}.Debug|iPhone.Deploy.0 = Debug|x64
		{3ADFD6E5-10A3-4B99-9B8A-5FA008ED571E}.Debug|iPhoneSimulator.ActiveCfg = Debug|x64
		{3ADFD6E5-10A3-4B99-9B8A-5FA008ED571E}.Debug|iPhoneSimulator.Build.0 = Debug|x64
		{3ADFD6E5-10A3-4B99-9B8A-5FA008ED571E}.Debug|iPhoneSimulator.Deploy.0 = Debug|x64
		{3ADFD6E5-10A3-4B99-9B8A-5FA008ED571E}.Debug|x64.ActiveCfg = Debug|x64
		{3ADFD6E5-10A3-4B99-9B8A-5FA008ED571E}.Debug|x64.Build.0 = Debug|x64
		{3ADFD6E5-10A3-4B99-9B8A-5FA008ED571E}.Debug|x64.Deploy.0 = Debug|x64
		{3ADFD6E5-10A3-4B99-9B8A-5FA008ED571E}.Debug|x86.ActiveCfg = Debug|x86
		{3ADFD6E5-10A3-4B99-9B8A-5FA008ED571E}.Debug|x86.Build.0 = Debug|x86
		{3ADFD6E5-10A3-4B99-9B8A-5FA008ED571E}.Debug|x86.Deploy.0 = Debug|x86
		{3ADFD6E5-10A3-4B99-9B8A-5FA008ED571E}.Release|Any CPU.ActiveCfg = Release|x64
		{3ADFD6E5-10A3-4B99-9B8A-5FA008ED571E}.Release|Any CPU.Build.0 = Release|x64
		{3ADFD6E5-10A3-4B99-9B8A-5FA008ED571E}.Release|Any CPU.Deploy.0 = Release|x64
		{3ADFD6E5-10A3-4B99-9B8A-5FA008ED571E}.Release|ARM.ActiveCfg = Release|ARM
		{3ADFD6E5-10A3-4B99-9B8A-5FA008ED571E}.Release|ARM.Build.0 = Release|ARM
		{3ADFD6E5-10A3-4B99-9B8A-5FA008ED571E}.Release|ARM.Deploy.0 = Release|ARM
		{3ADFD6E5-10A3-4B99-9B8A-5FA008ED571E}.Release|iPhone.ActiveCfg = Release|x64
		{3ADFD6E5-10A3-4B99-9B8A-5FA008ED571E}.Release|iPhone.Build.0 = Release|x64
		{3ADFD6E5-10A3-4B99-9B8A-5FA008ED571E}.Release|iPhone.Deploy.0 = Release|x64
		{3ADFD6E5-10A3-4B99-9B8A-5FA008ED571E}.Release|iPhoneSimulator.ActiveCfg = Release|x64
		{3ADFD6E5-10A3-4B99-9B8A-5FA008ED571E}.Release|iPhoneSimulator.Build.0 = Release|x64
		{3ADFD6E5-10A3-4B99-9B8A-5FA008ED571E}.Release|iPhoneSimulator.Deploy.0 = Release|x64
		{3ADFD6E5-10A3-4B99-9B8A-5FA008ED571E}.Release|x64.ActiveCfg = Release|x64
		{3ADFD6E5-10A3-4B99-9B8A-5FA008ED571E}.Release|x64.Build.0 = Release|x64
		{3ADFD6E5-10A3-4B99-9B8A-5FA008ED571E}.Release|x64.Deploy.0 = Release|x64
		{3ADFD6E5-10A3-4B99-9B8A-5FA008ED571E}.Release|x86.ActiveCfg = Release|x86
		{3ADFD6E5-10A3-4B99-9B8A-5FA008ED571E}.Release|x86.Build.0 = Release|x86
		{3ADFD6E5-10A3-4B99-9B8A-5FA008ED571E}.Release|x86.Deploy.0 = Release|x86
		{14342F8F-72D4-4E52-9E45-E19AED64AD8D}.Debug|Any CPU.ActiveCfg = Debug|Any CPU
		{14342F8F-72D4-4E52-9E45-E19AED64AD8D}.Debug|Any CPU.Build.0 = Debug|Any CPU
		{14342F8F-72D4-4E52-9E45-E19AED64AD8D}.Debug|Any CPU.Deploy.0 = Debug|Any CPU
		{14342F8F-72D4-4E52-9E45-E19AED64AD8D}.Debug|ARM.ActiveCfg = Debug|Any CPU
		{14342F8F-72D4-4E52-9E45-E19AED64AD8D}.Debug|ARM.Build.0 = Debug|Any CPU
		{14342F8F-72D4-4E52-9E45-E19AED64AD8D}.Debug|ARM.Deploy.0 = Debug|Any CPU
		{14342F8F-72D4-4E52-9E45-E19AED64AD8D}.Debug|iPhone.ActiveCfg = Debug|Any CPU
		{14342F8F-72D4-4E52-9E45-E19AED64AD8D}.Debug|iPhone.Build.0 = Debug|Any CPU
		{14342F8F-72D4-4E52-9E45-E19AED64AD8D}.Debug|iPhone.Deploy.0 = Debug|Any CPU
		{14342F8F-72D4-4E52-9E45-E19AED64AD8D}.Debug|iPhoneSimulator.ActiveCfg = Debug|Any CPU
		{14342F8F-72D4-4E52-9E45-E19AED64AD8D}.Debug|iPhoneSimulator.Build.0 = Debug|Any CPU
		{14342F8F-72D4-4E52-9E45-E19AED64AD8D}.Debug|iPhoneSimulator.Deploy.0 = Debug|Any CPU
		{14342F8F-72D4-4E52-9E45-E19AED64AD8D}.Debug|x64.ActiveCfg = Debug|Any CPU
		{14342F8F-72D4-4E52-9E45-E19AED64AD8D}.Debug|x64.Build.0 = Debug|Any CPU
		{14342F8F-72D4-4E52-9E45-E19AED64AD8D}.Debug|x64.Deploy.0 = Debug|Any CPU
		{14342F8F-72D4-4E52-9E45-E19AED64AD8D}.Debug|x86.ActiveCfg = Debug|Any CPU
		{14342F8F-72D4-4E52-9E45-E19AED64AD8D}.Debug|x86.Build.0 = Debug|Any CPU
		{14342F8F-72D4-4E52-9E45-E19AED64AD8D}.Debug|x86.Deploy.0 = Debug|Any CPU
		{14342F8F-72D4-4E52-9E45-E19AED64AD8D}.Release|Any CPU.ActiveCfg = Release|Any CPU
		{14342F8F-72D4-4E52-9E45-E19AED64AD8D}.Release|Any CPU.Build.0 = Release|Any CPU
		{14342F8F-72D4-4E52-9E45-E19AED64AD8D}.Release|Any CPU.Deploy.0 = Release|Any CPU
		{14342F8F-72D4-4E52-9E45-E19AED64AD8D}.Release|ARM.ActiveCfg = Release|Any CPU
		{14342F8F-72D4-4E52-9E45-E19AED64AD8D}.Release|ARM.Build.0 = Release|Any CPU
		{14342F8F-72D4-4E52-9E45-E19AED64AD8D}.Release|ARM.Deploy.0 = Release|Any CPU
		{14342F8F-72D4-4E52-9E45-E19AED64AD8D}.Release|iPhone.ActiveCfg = Release|Any CPU
		{14342F8F-72D4-4E52-9E45-E19AED64AD8D}.Release|iPhone.Build.0 = Release|Any CPU
		{14342F8F-72D4-4E52-9E45-E19AED64AD8D}.Release|iPhone.Deploy.0 = Release|Any CPU
		{14342F8F-72D4-4E52-9E45-E19AED64AD8D}.Release|iPhoneSimulator.ActiveCfg = Release|Any CPU
		{14342F8F-72D4-4E52-9E45-E19AED64AD8D}.Release|iPhoneSimulator.Build.0 = Release|Any CPU
		{14342F8F-72D4-4E52-9E45-E19AED64AD8D}.Release|iPhoneSimulator.Deploy.0 = Release|Any CPU
		{14342F8F-72D4-4E52-9E45-E19AED64AD8D}.Release|x64.ActiveCfg = Release|Any CPU
		{14342F8F-72D4-4E52-9E45-E19AED64AD8D}.Release|x64.Build.0 = Release|Any CPU
		{14342F8F-72D4-4E52-9E45-E19AED64AD8D}.Release|x64.Deploy.0 = Release|Any CPU
		{14342F8F-72D4-4E52-9E45-E19AED64AD8D}.Release|x86.ActiveCfg = Release|Any CPU
		{14342F8F-72D4-4E52-9E45-E19AED64AD8D}.Release|x86.Build.0 = Release|Any CPU
		{14342F8F-72D4-4E52-9E45-E19AED64AD8D}.Release|x86.Deploy.0 = Release|Any CPU
		{C155395F-9B7D-4EAC-9CE6-B9900570A0D3}.Debug|Any CPU.ActiveCfg = Debug|iPhoneSimulator
		{C155395F-9B7D-4EAC-9CE6-B9900570A0D3}.Debug|Any CPU.Build.0 = Debug|iPhoneSimulator
		{C155395F-9B7D-4EAC-9CE6-B9900570A0D3}.Debug|Any CPU.Deploy.0 = Debug|iPhoneSimulator
		{C155395F-9B7D-4EAC-9CE6-B9900570A0D3}.Debug|ARM.ActiveCfg = Debug|iPhoneSimulator
		{C155395F-9B7D-4EAC-9CE6-B9900570A0D3}.Debug|ARM.Build.0 = Debug|iPhoneSimulator
		{C155395F-9B7D-4EAC-9CE6-B9900570A0D3}.Debug|ARM.Deploy.0 = Debug|iPhoneSimulator
		{C155395F-9B7D-4EAC-9CE6-B9900570A0D3}.Debug|iPhone.ActiveCfg = Debug|iPhone
		{C155395F-9B7D-4EAC-9CE6-B9900570A0D3}.Debug|iPhone.Build.0 = Debug|iPhone
		{C155395F-9B7D-4EAC-9CE6-B9900570A0D3}.Debug|iPhone.Deploy.0 = Debug|iPhone
		{C155395F-9B7D-4EAC-9CE6-B9900570A0D3}.Debug|iPhoneSimulator.ActiveCfg = Debug|iPhoneSimulator
		{C155395F-9B7D-4EAC-9CE6-B9900570A0D3}.Debug|iPhoneSimulator.Build.0 = Debug|iPhoneSimulator
		{C155395F-9B7D-4EAC-9CE6-B9900570A0D3}.Debug|iPhoneSimulator.Deploy.0 = Debug|iPhoneSimulator
		{C155395F-9B7D-4EAC-9CE6-B9900570A0D3}.Debug|x64.ActiveCfg = Debug|iPhone
		{C155395F-9B7D-4EAC-9CE6-B9900570A0D3}.Debug|x64.Build.0 = Debug|iPhone
		{C155395F-9B7D-4EAC-9CE6-B9900570A0D3}.Debug|x64.Deploy.0 = Debug|iPhone
		{C155395F-9B7D-4EAC-9CE6-B9900570A0D3}.Debug|x86.ActiveCfg = Debug|iPhoneSimulator
		{C155395F-9B7D-4EAC-9CE6-B9900570A0D3}.Debug|x86.Build.0 = Debug|iPhoneSimulator
		{C155395F-9B7D-4EAC-9CE6-B9900570A0D3}.Debug|x86.Deploy.0 = Debug|iPhoneSimulator
		{C155395F-9B7D-4EAC-9CE6-B9900570A0D3}.Release|Any CPU.ActiveCfg = Release|iPhoneSimulator
		{C155395F-9B7D-4EAC-9CE6-B9900570A0D3}.Release|Any CPU.Build.0 = Release|iPhoneSimulator
		{C155395F-9B7D-4EAC-9CE6-B9900570A0D3}.Release|Any CPU.Deploy.0 = Release|iPhoneSimulator
		{C155395F-9B7D-4EAC-9CE6-B9900570A0D3}.Release|ARM.ActiveCfg = Release|iPhoneSimulator
		{C155395F-9B7D-4EAC-9CE6-B9900570A0D3}.Release|ARM.Build.0 = Release|iPhoneSimulator
		{C155395F-9B7D-4EAC-9CE6-B9900570A0D3}.Release|ARM.Deploy.0 = Release|iPhoneSimulator
		{C155395F-9B7D-4EAC-9CE6-B9900570A0D3}.Release|iPhone.ActiveCfg = Release|iPhone
		{C155395F-9B7D-4EAC-9CE6-B9900570A0D3}.Release|iPhone.Build.0 = Release|iPhone
		{C155395F-9B7D-4EAC-9CE6-B9900570A0D3}.Release|iPhone.Deploy.0 = Release|iPhone
		{C155395F-9B7D-4EAC-9CE6-B9900570A0D3}.Release|iPhoneSimulator.ActiveCfg = Release|iPhoneSimulator
		{C155395F-9B7D-4EAC-9CE6-B9900570A0D3}.Release|iPhoneSimulator.Build.0 = Release|iPhoneSimulator
		{C155395F-9B7D-4EAC-9CE6-B9900570A0D3}.Release|iPhoneSimulator.Deploy.0 = Release|iPhoneSimulator
		{C155395F-9B7D-4EAC-9CE6-B9900570A0D3}.Release|x64.ActiveCfg = Release|iPhoneSimulator
		{C155395F-9B7D-4EAC-9CE6-B9900570A0D3}.Release|x64.Build.0 = Release|iPhoneSimulator
		{C155395F-9B7D-4EAC-9CE6-B9900570A0D3}.Release|x64.Deploy.0 = Release|iPhoneSimulator
		{C155395F-9B7D-4EAC-9CE6-B9900570A0D3}.Release|x86.ActiveCfg = Release|iPhoneSimulator
		{C155395F-9B7D-4EAC-9CE6-B9900570A0D3}.Release|x86.Build.0 = Release|iPhoneSimulator
		{C155395F-9B7D-4EAC-9CE6-B9900570A0D3}.Release|x86.Deploy.0 = Release|iPhoneSimulator
		{103FC1F4-3517-4EFF-8114-744436B35161}.Debug|Any CPU.ActiveCfg = Debug|Any CPU
		{103FC1F4-3517-4EFF-8114-744436B35161}.Debug|Any CPU.Build.0 = Debug|Any CPU
		{103FC1F4-3517-4EFF-8114-744436B35161}.Debug|Any CPU.Deploy.0 = Debug|Any CPU
		{103FC1F4-3517-4EFF-8114-744436B35161}.Debug|ARM.ActiveCfg = Debug|Any CPU
		{103FC1F4-3517-4EFF-8114-744436B35161}.Debug|ARM.Build.0 = Debug|Any CPU
		{103FC1F4-3517-4EFF-8114-744436B35161}.Debug|ARM.Deploy.0 = Debug|Any CPU
		{103FC1F4-3517-4EFF-8114-744436B35161}.Debug|iPhone.ActiveCfg = Debug|Any CPU
		{103FC1F4-3517-4EFF-8114-744436B35161}.Debug|iPhone.Build.0 = Debug|Any CPU
		{103FC1F4-3517-4EFF-8114-744436B35161}.Debug|iPhone.Deploy.0 = Debug|Any CPU
		{103FC1F4-3517-4EFF-8114-744436B35161}.Debug|iPhoneSimulator.ActiveCfg = Debug|Any CPU
		{103FC1F4-3517-4EFF-8114-744436B35161}.Debug|iPhoneSimulator.Build.0 = Debug|Any CPU
		{103FC1F4-3517-4EFF-8114-744436B35161}.Debug|iPhoneSimulator.Deploy.0 = Debug|Any CPU
		{103FC1F4-3517-4EFF-8114-744436B35161}.Debug|x64.ActiveCfg = Debug|Any CPU
		{103FC1F4-3517-4EFF-8114-744436B35161}.Debug|x64.Build.0 = Debug|Any CPU
		{103FC1F4-3517-4EFF-8114-744436B35161}.Debug|x64.Deploy.0 = Debug|Any CPU
		{103FC1F4-3517-4EFF-8114-744436B35161}.Debug|x86.ActiveCfg = Debug|Any CPU
		{103FC1F4-3517-4EFF-8114-744436B35161}.Debug|x86.Build.0 = Debug|Any CPU
		{103FC1F4-3517-4EFF-8114-744436B35161}.Debug|x86.Deploy.0 = Debug|Any CPU
		{103FC1F4-3517-4EFF-8114-744436B35161}.Release|Any CPU.ActiveCfg = Release|Any CPU
		{103FC1F4-3517-4EFF-8114-744436B35161}.Release|Any CPU.Build.0 = Release|Any CPU
		{103FC1F4-3517-4EFF-8114-744436B35161}.Release|Any CPU.Deploy.0 = Release|Any CPU
		{103FC1F4-3517-4EFF-8114-744436B35161}.Release|ARM.ActiveCfg = Release|Any CPU
		{103FC1F4-3517-4EFF-8114-744436B35161}.Release|ARM.Build.0 = Release|Any CPU
		{103FC1F4-3517-4EFF-8114-744436B35161}.Release|ARM.Deploy.0 = Release|Any CPU
		{103FC1F4-3517-4EFF-8114-744436B35161}.Release|iPhone.ActiveCfg = Release|Any CPU
		{103FC1F4-3517-4EFF-8114-744436B35161}.Release|iPhone.Build.0 = Release|Any CPU
		{103FC1F4-3517-4EFF-8114-744436B35161}.Release|iPhone.Deploy.0 = Release|Any CPU
		{103FC1F4-3517-4EFF-8114-744436B35161}.Release|iPhoneSimulator.ActiveCfg = Release|Any CPU
		{103FC1F4-3517-4EFF-8114-744436B35161}.Release|iPhoneSimulator.Build.0 = Release|Any CPU
		{103FC1F4-3517-4EFF-8114-744436B35161}.Release|iPhoneSimulator.Deploy.0 = Release|Any CPU
		{103FC1F4-3517-4EFF-8114-744436B35161}.Release|x64.ActiveCfg = Release|Any CPU
		{103FC1F4-3517-4EFF-8114-744436B35161}.Release|x64.Build.0 = Release|Any CPU
		{103FC1F4-3517-4EFF-8114-744436B35161}.Release|x64.Deploy.0 = Release|Any CPU
		{103FC1F4-3517-4EFF-8114-744436B35161}.Release|x86.ActiveCfg = Release|Any CPU
		{103FC1F4-3517-4EFF-8114-744436B35161}.Release|x86.Build.0 = Release|Any CPU
		{103FC1F4-3517-4EFF-8114-744436B35161}.Release|x86.Deploy.0 = Release|Any CPU
	EndGlobalSection
	GlobalSection(SolutionProperties) = preSolution
		HideSolutionNode = FALSE
	EndGlobalSection
	GlobalSection(ExtensibilityGlobals) = postSolution
		SolutionGuid = {1580A3FA-6680-4235-9FAB-9ED782383E74}
	EndGlobalSection
EndGlobal
